
Microsoft Visual Studio Solution File, Format Version 12.00
# Visual Studio Version 17
VisualStudioVersion = 17.9.34321.82
MinimumVisualStudioVersion = 10.0.40219.1
Project("{FAE04EC0-301F-11D3-BF4B-00C04F79EFBC}") = "FlightScheduleDME", "FlightScheduleDME\FlightScheduleDME.csproj", "{3028D15F-0DEB-458A-B5E3-1B02649B718D}"
EndProject
Global
	GlobalSection(SolutionConfigurationPlatforms) = preSolution
		Debug|Any CPU = Debug|Any CPU
		Release|Any CPU = Release|Any CPU
	EndGlobalSection
	GlobalSection(ProjectConfigurationPlatforms) = postSolution
		{3028D15F-0DEB-458A-B5E3-1B02649B718D}.Debug|Any CPU.ActiveCfg = Debug|Any CPU
		{3028D15F-0DEB-458A-B5E3-1B02649B718D}.Debug|Any CPU.Build.0 = Debug|Any CPU
		{3028D15F-0DEB-458A-B5E3-1B02649B718D}.Release|Any CPU.ActiveCfg = Release|Any CPU
		{3028D15F-0DEB-458A-B5E3-1B02649B718D}.Release|Any CPU.Build.0 = Release|Any CPU
	EndGlobalSection
	GlobalSection(SolutionProperties) = preSolution
		HideSolutionNode = FALSE
	EndGlobalSection
	GlobalSection(ExtensibilityGlobals) = postSolution
		SolutionGuid = {A9312856-3252-4F27-8F92-CCE9CA15E9FA}
	EndGlobalSection
EndGlobal
